// !$*UTF8*$!
{
	archiveVersion = 1;
	classes = {
	};
	objectVersion = 46;
	objects = {

/* Begin PBXBuildFile section */
		98A1C3781E00E3D600B6CEDC /* UIScrollView+constraint.m in Sources */ = {isa = PBXBuildFile; fileRef = 98A1C3751E00E3D600B6CEDC /* UIScrollView+constraint.m */; };
		98A1C3791E00E3D600B6CEDC /* UIView+constraint.m in Sources */ = {isa = PBXBuildFile; fileRef = 98A1C3771E00E3D600B6CEDC /* UIView+constraint.m */; };
		98A1C37A1E00E3FA00B6CEDC /* quickvfl.h in CopyFiles */ = {isa = PBXBuildFile; fileRef = 98A1C3731E00E3D600B6CEDC /* quickvfl.h */; };
		98A1C37B1E00E3FA00B6CEDC /* UIScrollView+constraint.h in CopyFiles */ = {isa = PBXBuildFile; fileRef = 98A1C3741E00E3D600B6CEDC /* UIScrollView+constraint.h */; };
		98A1C37C1E00E3FA00B6CEDC /* UIView+constraint.h in CopyFiles */ = {isa = PBXBuildFile; fileRef = 98A1C3761E00E3D600B6CEDC /* UIView+constraint.h */; };
/* End PBXBuildFile section */

/* Begin PBXCopyFilesBuildPhase section */
		98A1C35A1E00E2D900B6CEDC /* CopyFiles */ = {
			isa = PBXCopyFilesBuildPhase;
			buildActionMask = 2147483647;
			dstPath = "include/$(PRODUCT_NAME)";
			dstSubfolderSpec = 16;
			files = (
				98A1C37A1E00E3FA00B6CEDC /* quickvfl.h in CopyFiles */,
				98A1C37B1E00E3FA00B6CEDC /* UIScrollView+constraint.h in CopyFiles */,
				98A1C37C1E00E3FA00B6CEDC /* UIView+constraint.h in CopyFiles */,
			);
			runOnlyForDeploymentPostprocessing = 0;
		};
/* End PBXCopyFilesBuildPhase section */

/* Begin PBXFileReference section */
		98A1C35C1E00E2D900B6CEDC /* libQuickVFL.a */ = {isa = PBXFileReference; explicitFileType = archive.ar; includeInIndex = 0; path = libQuickVFL.a; sourceTree = BUILT_PRODUCTS_DIR; };
		98A1C3731E00E3D600B6CEDC /* quickvfl.h */ = {isa = PBXFileReference; fileEncoding = 4; lastKnownFileType = sourcecode.c.h; name = quickvfl.h; path = ../../../QuickVFL/src/lib/quickvfl.h; sourceTree = "<group>"; };
		98A1C3741E00E3D600B6CEDC /* UIScrollView+constraint.h */ = {isa = PBXFileReference; fileEncoding = 4; lastKnownFileType = sourcecode.c.h; name = "UIScrollView+constraint.h"; path = "../../../QuickVFL/src/lib/UIScrollView+constraint.h"; sourceTree = "<group>"; };
		98A1C3751E00E3D600B6CEDC /* UIScrollView+constraint.m */ = {isa = PBXFileReference; fileEncoding = 4; lastKnownFileType = sourcecode.c.objc; name = "UIScrollView+constraint.m"; path = "../../../QuickVFL/src/lib/UIScrollView+constraint.m"; sourceTree = "<group>"; };
		98A1C3761E00E3D600B6CEDC /* UIView+constraint.h */ = {isa = PBXFileReference; fileEncoding = 4; lastKnownFileType = sourcecode.c.h; name = "UIView+constraint.h"; path = "../../../QuickVFL/src/lib/UIView+constraint.h"; sourceTree = "<group>"; };
		98A1C3771E00E3D600B6CEDC /* UIView+constraint.m */ = {isa = PBXFileReference; fileEncoding = 4; lastKnownFileType = sourcecode.c.objc; name = "UIView+constraint.m"; path = "../../../QuickVFL/src/lib/UIView+constraint.m"; sourceTree = "<group>"; };
/* End PBXFileReference section */

/* Begin PBXFrameworksBuildPhase section */
		98A1C3591E00E2D900B6CEDC /* Frameworks */ = {
			isa = PBXFrameworksBuildPhase;
			buildActionMask = 2147483647;
			files = (
			);
			runOnlyForDeploymentPostprocessing = 0;
		};
/* End PBXFrameworksBuildPhase section */

/* Begin PBXGroup section */
		98A1C3531E00E2D900B6CEDC = {
			isa = PBXGroup;
			children = (
				98A1C35E1E00E2D900B6CEDC /* QuickVFL */,
				98A1C35D1E00E2D900B6CEDC /* Products */,
			);
			sourceTree = "<group>";
		};
		98A1C35D1E00E2D900B6CEDC /* Products */ = {
			isa = PBXGroup;
			children = (
				98A1C35C1E00E2D900B6CEDC /* libQuickVFL.a */,
			);
			name = Products;
			sourceTree = "<group>";
		};
		98A1C35E1E00E2D900B6CEDC /* QuickVFL */ = {
			isa = PBXGroup;
			children = (
				98A1C3731E00E3D600B6CEDC /* quickvfl.h */,
				98A1C3741E00E3D600B6CEDC /* UIScrollView+constraint.h */,
				98A1C3751E00E3D600B6CEDC /* UIScrollView+constraint.m */,
				98A1C3761E00E3D600B6CEDC /* UIView+constraint.h */,
				98A1C3771E00E3D600B6CEDC /* UIView+constraint.m */,
			);
			path = QuickVFL;
			sourceTree = "<group>";
		};
/* End PBXGroup section */

/* Begin PBXNativeTarget section */
		98A1C35B1E00E2D900B6CEDC /* QuickVFL */ = {
			isa = PBXNativeTarget;
			buildConfigurationList = 98A1C3651E00E2D900B6CEDC /* Build configuration list for PBXNativeTarget "QuickVFL" */;
			buildPhases = (
				98A1C3581E00E2D900B6CEDC /* Sources */,
				98A1C3591E00E2D900B6CEDC /* Frameworks */,
				98A1C35A1E00E2D900B6CEDC /* CopyFiles */,
			);
			buildRules = (
			);
			dependencies = (
			);
			name = QuickVFL;
			productName = QuickVFL;
			productReference = 98A1C35C1E00E2D900B6CEDC /* libQuickVFL.a */;
			productType = "com.apple.product-type.library.static";
		};
/* End PBXNativeTarget section */

/* Begin PBXProject section */
		98A1C3541E00E2D900B6CEDC /* Project object */ = {
			isa = PBXProject;
			attributes = {
				LastUpgradeCheck = 0810;
				TargetAttributes = {
					98A1C35B1E00E2D900B6CEDC = {
						CreatedOnToolsVersion = 8.1;
						ProvisioningStyle = Automatic;
					};
				};
			};
			buildConfigurationList = 98A1C3571E00E2D900B6CEDC /* Build configuration list for PBXProject "QuickVFL" */;
			compatibilityVersion = "Xcode 3.2";
			developmentRegion = English;
			hasScannedForEncodings = 0;
			knownRegions = (
				en,
			);
			mainGroup = 98A1C3531E00E2D900B6CEDC;
			productRefGroup = 98A1C35D1E00E2D900B6CEDC /* Products */;
			projectDirPath = "";
			projectRoot = "";
			targets = (
				98A1C35B1E00E2D900B6CEDC /* QuickVFL */,
			);
		};
/* End PBXProject section */

/* Begin PBXSourcesBuildPhase section */
		98A1C3581E00E2D900B6CEDC /* Sources */ = {
			isa = PBXSourcesBuildPhase;
			buildActionMask = 2147483647;
			files = (
				98A1C3781E00E3D600B6CEDC /* UIScrollView+constraint.m in Sources */,
				98A1C3791E00E3D600B6CEDC /* UIView+constraint.m in Sources */,
			);
			runOnlyForDeploymentPostprocessing = 0;
		};
/* End PBXSourcesBuildPhase section */

/* Begin XCBuildConfiguration section */
		98A1C3631E00E2D900B6CEDC /* Debug */ = {
			isa = XCBuildConfiguration;
			buildSettings = {
				ALWAYS_SEARCH_USER_PATHS = NO;
				CLANG_ANALYZER_NONNULL = YES;
				CLANG_CXX_LANGUAGE_STANDARD = "gnu++0x";
				CLANG_CXX_LIBRARY = "libc++";
				CLANG_ENABLE_MODULES = YES;
				CLANG_ENABLE_OBJC_ARC = YES;
				CLANG_WARN_BOOL_CONVERSION = YES;
				CLANG_WARN_CONSTANT_CONVERSION = YES;
				CLANG_WARN_DIRECT_OBJC_ISA_USAGE = YES_ERROR;
				CLANG_WARN_DOCUMENTATION_COMMENTS = YES;
				CLANG_WARN_EMPTY_BODY = YES;
				CLANG_WARN_ENUM_CONVERSION = YES;
				CLANG_WARN_INFINITE_RECURSION = YES;
				CLANG_WARN_INT_CONVERSION = YES;
				CLANG_WARN_OBJC_ROOT_CLASS = YES_ERROR;
				CLANG_WARN_SUSPICIOUS_MOVES = YES;
				CLANG_WARN_UNREACHABLE_CODE = YES;
				CLANG_WARN__DUPLICATE_METHOD_MATCH = YES;
				"CODE_SIGN_IDENTITY[sdk=iphoneos*]" = "iPhone Developer";
				COPY_PHASE_STRIP = NO;
				DEBUG_INFORMATION_FORMAT = dwarf;
				ENABLE_STRICT_OBJC_MSGSEND = YES;
				ENABLE_TESTABILITY = YES;
				GCC_C_LANGUAGE_STANDARD = gnu99;
				GCC_DYNAMIC_NO_PIC = NO;
				GCC_NO_COMMON_BLOCKS = YES;
				GCC_OPTIMIZATION_LEVEL = 0;
				GCC_PREPROCESSOR_DEFINITIONS = (
					"DEBUG=1",
					"$(inherited)",
				);
				GCC_WARN_64_TO_32_BIT_CONVERSION = YES;
				GCC_WARN_ABOUT_RETURN_TYPE = YES_ERROR;
				GCC_WARN_UNDECLARED_SELECTOR = YES;
				GCC_WARN_UNINITIALIZED_AUTOS = YES_AGGRESSIVE;
				GCC_WARN_UNUSED_FUNCTION = YES;
				GCC_WARN_UNUSED_VARIABLE = YES;
				IPHONEOS_DEPLOYMENT_TARGET = 7.0;
				MTL_ENABLE_DEBUG_INFO = YES;
				ONLY_ACTIVE_ARCH = YES;
				SDKROOT = iphoneos;
			};
			name = Debug;
		};
		98A1C3641E00E2D900B6CEDC /* Release */ = {
			isa = XCBuildConfiguration;
			buildSettings = {
				ALWAYS_SEARCH_USER_PATHS = NO;
				CLANG_ANALYZER_NONNULL = YES;
				CLANG_CXX_LANGUAGE_STANDARD = "gnu++0x";
				CLANG_CXX_LIBRARY = "libc++";
				CLANG_ENABLE_MODULES = YES;
				CLANG_ENABLE_OBJC_ARC = YES;
				CLANG_WARN_BOOL_CONVERSION = YES;
				CLANG_WARN_CONSTANT_CONVERSION = YES;
				CLANG_WARN_DIRECT_OBJC_ISA_USAGE = YES_ERROR;
				CLANG_WARN_DOCUMENTATION_COMMENTS = YES;
				CLANG_WARN_EMPTY_BODY = YES;
				CLANG_WARN_ENUM_CONVERSION = YES;
				CLANG_WARN_INFINITE_RECURSION = YES;
				CLANG_WARN_INT_CONVERSION = YES;
				CLANG_WARN_OBJC_ROOT_CLASS = YES_ERROR;
				CLANG_WARN_SUSPICIOUS_MOVES = YES;
				CLANG_WARN_UNREACHABLE_CODE = YES;
				CLANG_WARN__DUPLICATE_METHOD_MATCH = YES;
				"CODE_SIGN_IDENTITY[sdk=iphoneos*]" = "iPhone Developer";
				COPY_PHASE_STRIP = NO;
				DEBUG_INFORMATION_FORMAT = "dwarf-with-dsym";
				ENABLE_NS_ASSERTIONS = NO;
				ENABLE_STRICT_OBJC_MSGSEND = YES;
				GCC_C_LANGUAGE_STANDARD = gnu99;
				GCC_NO_COMMON_BLOCKS = YES;
				GCC_WARN_64_TO_32_BIT_CONVERSION = YES;
				GCC_WARN_ABOUT_RETURN_TYPE = YES_ERROR;
				GCC_WARN_UNDECLARED_SELECTOR = YES;
				GCC_WARN_UNINITIALIZED_AUTOS = YES_AGGRESSIVE;
				GCC_WARN_UNUSED_FUNCTION = YES;
				GCC_WARN_UNUSED_VARIABLE = YES;
				IPHONEOS_DEPLOYMENT_TARGET = 7.0;
				MTL_ENABLE_DEBUG_INFO = NO;
				SDKROOT = iphoneos;
				VALIDATE_PRODUCT = YES;
			};
			name = Release;
		};
		98A1C3661E00E2D900B6CEDC /* Debug */ = {
			isa = XCBuildConfiguration;
			buildSettings = {
				ENABLE_TESTABILITY = NO;
				OTHER_LDFLAGS = "-ObjC";
				PRODUCT_NAME = "$(TARGET_NAME)";
				SKIP_INSTALL = YES;
			};
			name = Debug;
		};
		98A1C3671E00E2D900B6CEDC /* Release */ = {
			isa = XCBuildConfiguration;
			buildSettings = {
				ENABLE_TESTABILITY = NO;
				OTHER_LDFLAGS = "-ObjC";
				PRODUCT_NAME = "$(TARGET_NAME)";
				SKIP_INSTALL = YES;
			};
			name = Release;
		};
/* End XCBuildConfiguration section */

/* Begin XCConfigurationList section */
		98A1C3571E00E2D900B6CEDC /* Build configuration list for PBXProject "QuickVFL" */ = {
			isa = XCConfigurationList;
			buildConfigurations = (
				98A1C3631E00E2D900B6CEDC /* Debug */,
				98A1C3641E00E2D900B6CEDC /* Release */,
			);
			defaultConfigurationIsVisible = 0;
			defaultConfigurationName = Release;
		};
		98A1C3651E00E2D900B6CEDC /* Build configuration list for PBXNativeTarget "QuickVFL" */ = {
			isa = XCConfigurationList;
			buildConfigurations = (
				98A1C3661E00E2D900B6CEDC /* Debug */,
				98A1C3671E00E2D900B6CEDC /* Release */,
			);
			defaultConfigurationIsVisible = 0;
		};
/* End XCConfigurationList section */
	};
	rootObject = 98A1C3541E00E2D900B6CEDC /* Project object */;
}
