// !$*UTF8*$!
{
	archiveVersion = 1;
	classes = {
	};
	objectVersion = 46;
	objects = {

/* Begin PBXBuildFile section */
		98A1C3C11E00EF3E00B6CEDC /* QuickVFL.h in Headers */ = {isa = PBXBuildFile; fileRef = 98A1C3BF1E00EF3E00B6CEDC /* QuickVFL.h */; settings = {ATTRIBUTES = (Public, ); }; };
		98A1C3CC1E00EF7D00B6CEDC /* quickvfl.h in Headers */ = {isa = PBXBuildFile; fileRef = 98A1C3C71E00EF7D00B6CEDC /* quickvfl.h */; settings = {ATTRIBUTES = (Public, ); }; };
		98A1C3CD1E00EF7D00B6CEDC /* UIScrollView+constraint.h in Headers */ = {isa = PBXBuildFile; fileRef = 98A1C3C81E00EF7D00B6CEDC /* UIScrollView+constraint.h */; settings = {ATTRIBUTES = (Public, ); }; };
		98A1C3CE1E00EF7D00B6CEDC /* UIScrollView+constraint.m in Sources */ = {isa = PBXBuildFile; fileRef = 98A1C3C91E00EF7D00B6CEDC /* UIScrollView+constraint.m */; };
		98A1C3CF1E00EF7D00B6CEDC /* UIView+constraint.h in Headers */ = {isa = PBXBuildFile; fileRef = 98A1C3CA1E00EF7D00B6CEDC /* UIView+constraint.h */; settings = {ATTRIBUTES = (Public, ); }; };
		98A1C3D01E00EF7D00B6CEDC /* UIView+constraint.m in Sources */ = {isa = PBXBuildFile; fileRef = 98A1C3CB1E00EF7D00B6CEDC /* UIView+constraint.m */; };
/* End PBXBuildFile section */

/* Begin PBXFileReference section */
		98A1C3BC1E00EF3E00B6CEDC /* QuickVFL.framework */ = {isa = PBXFileReference; explicitFileType = wrapper.framework; includeInIndex = 0; path = QuickVFL.framework; sourceTree = BUILT_PRODUCTS_DIR; };
		98A1C3BF1E00EF3E00B6CEDC /* QuickVFL.h */ = {isa = PBXFileReference; lastKnownFileType = sourcecode.c.h; path = QuickVFL.h; sourceTree = "<group>"; };
		98A1C3C01E00EF3E00B6CEDC /* Info.plist */ = {isa = PBXFileReference; lastKnownFileType = text.plist.xml; path = Info.plist; sourceTree = "<group>"; };
		98A1C3C71E00EF7D00B6CEDC /* quickvfl.h */ = {isa = PBXFileReference; fileEncoding = 4; lastKnownFileType = sourcecode.c.h; name = quickvfl.h; path = ../../../../QuickVFL/src/lib/quickvfl.h; sourceTree = "<group>"; };
		98A1C3C81E00EF7D00B6CEDC /* UIScrollView+constraint.h */ = {isa = PBXFileReference; fileEncoding = 4; lastKnownFileType = sourcecode.c.h; name = "UIScrollView+constraint.h"; path = "../../../../QuickVFL/src/lib/UIScrollView+constraint.h"; sourceTree = "<group>"; };
		98A1C3C91E00EF7D00B6CEDC /* UIScrollView+constraint.m */ = {isa = PBXFileReference; fileEncoding = 4; lastKnownFileType = sourcecode.c.objc; name = "UIScrollView+constraint.m"; path = "../../../../QuickVFL/src/lib/UIScrollView+constraint.m"; sourceTree = "<group>"; };
		98A1C3CA1E00EF7D00B6CEDC /* UIView+constraint.h */ = {isa = PBXFileReference; fileEncoding = 4; lastKnownFileType = sourcecode.c.h; name = "UIView+constraint.h"; path = "../../../../QuickVFL/src/lib/UIView+constraint.h"; sourceTree = "<group>"; };
		98A1C3CB1E00EF7D00B6CEDC /* UIView+constraint.m */ = {isa = PBXFileReference; fileEncoding = 4; lastKnownFileType = sourcecode.c.objc; name = "UIView+constraint.m"; path = "../../../../QuickVFL/src/lib/UIView+constraint.m"; sourceTree = "<group>"; };
/* End PBXFileReference section */

/* Begin PBXFrameworksBuildPhase section */
		98A1C3B81E00EF3E00B6CEDC /* Frameworks */ = {
			isa = PBXFrameworksBuildPhase;
			buildActionMask = 2147483647;
			files = (
			);
			runOnlyForDeploymentPostprocessing = 0;
		};
/* End PBXFrameworksBuildPhase section */

/* Begin PBXGroup section */
		98A1C3B21E00EF3E00B6CEDC = {
			isa = PBXGroup;
			children = (
				98A1C3BE1E00EF3E00B6CEDC /* QuickVFL */,
				98A1C3BD1E00EF3E00B6CEDC /* Products */,
			);
			sourceTree = "<group>";
		};
		98A1C3BD1E00EF3E00B6CEDC /* Products */ = {
			isa = PBXGroup;
			children = (
				98A1C3BC1E00EF3E00B6CEDC /* QuickVFL.framework */,
			);
			name = Products;
			sourceTree = "<group>";
		};
		98A1C3BE1E00EF3E00B6CEDC /* QuickVFL */ = {
			isa = PBXGroup;
			children = (
				98A1C3C71E00EF7D00B6CEDC /* quickvfl.h */,
				98A1C3C81E00EF7D00B6CEDC /* UIScrollView+constraint.h */,
				98A1C3C91E00EF7D00B6CEDC /* UIScrollView+constraint.m */,
				98A1C3CA1E00EF7D00B6CEDC /* UIView+constraint.h */,
				98A1C3CB1E00EF7D00B6CEDC /* UIView+constraint.m */,
				98A1C3BF1E00EF3E00B6CEDC /* QuickVFL.h */,
				98A1C3C01E00EF3E00B6CEDC /* Info.plist */,
			);
			path = QuickVFL;
			sourceTree = "<group>";
		};
/* End PBXGroup section */

/* Begin PBXHeadersBuildPhase section */
		98A1C3B91E00EF3E00B6CEDC /* Headers */ = {
			isa = PBXHeadersBuildPhase;
			buildActionMask = 2147483647;
			files = (
				98A1C3C11E00EF3E00B6CEDC /* QuickVFL.h in Headers */,
				98A1C3CF1E00EF7D00B6CEDC /* UIView+constraint.h in Headers */,
				98A1C3CD1E00EF7D00B6CEDC /* UIScrollView+constraint.h in Headers */,
				98A1C3CC1E00EF7D00B6CEDC /* quickvfl.h in Headers */,
			);
			runOnlyForDeploymentPostprocessing = 0;
		};
/* End PBXHeadersBuildPhase section */

/* Begin PBXNativeTarget section */
		98A1C3BB1E00EF3E00B6CEDC /* QuickVFL */ = {
			isa = PBXNativeTarget;
			buildConfigurationList = 98A1C3C41E00EF3E00B6CEDC /* Build configuration list for PBXNativeTarget "QuickVFL" */;
			buildPhases = (
				98A1C3B71E00EF3E00B6CEDC /* Sources */,
				98A1C3B81E00EF3E00B6CEDC /* Frameworks */,
				98A1C3B91E00EF3E00B6CEDC /* Headers */,
				98A1C3BA1E00EF3E00B6CEDC /* Resources */,
			);
			buildRules = (
			);
			dependencies = (
			);
			name = QuickVFL;
			productName = QuickVFL;
			productReference = 98A1C3BC1E00EF3E00B6CEDC /* QuickVFL.framework */;
			productType = "com.apple.product-type.framework";
		};
/* End PBXNativeTarget section */

/* Begin PBXProject section */
		98A1C3B31E00EF3E00B6CEDC /* Project object */ = {
			isa = PBXProject;
			attributes = {
				LastUpgradeCheck = 0810;
				ORGANIZATIONNAME = quickVFL;
				TargetAttributes = {
					98A1C3BB1E00EF3E00B6CEDC = {
						CreatedOnToolsVersion = 8.1;
						ProvisioningStyle = Automatic;
					};
				};
			};
			buildConfigurationList = 98A1C3B61E00EF3E00B6CEDC /* Build configuration list for PBXProject "QuickVFL" */;
			compatibilityVersion = "Xcode 3.2";
			developmentRegion = English;
			hasScannedForEncodings = 0;
			knownRegions = (
				en,
			);
			mainGroup = 98A1C3B21E00EF3E00B6CEDC;
			productRefGroup = 98A1C3BD1E00EF3E00B6CEDC /* Products */;
			projectDirPath = "";
			projectRoot = "";
			targets = (
				98A1C3BB1E00EF3E00B6CEDC /* QuickVFL */,
			);
		};
/* End PBXProject section */

/* Begin PBXResourcesBuildPhase section */
		98A1C3BA1E00EF3E00B6CEDC /* Resources */ = {
			isa = PBXResourcesBuildPhase;
			buildActionMask = 2147483647;
			files = (
			);
			runOnlyForDeploymentPostprocessing = 0;
		};
/* End PBXResourcesBuildPhase section */

/* Begin PBXSourcesBuildPhase section */
		98A1C3B71E00EF3E00B6CEDC /* Sources */ = {
			isa = PBXSourcesBuildPhase;
			buildActionMask = 2147483647;
			files = (
				98A1C3CE1E00EF7D00B6CEDC /* UIScrollView+constraint.m in Sources */,
				98A1C3D01E00EF7D00B6CEDC /* UIView+constraint.m in Sources */,
			);
			runOnlyForDeploymentPostprocessing = 0;
		};
/* End PBXSourcesBuildPhase section */

/* Begin XCBuildConfiguration section */
		98A1C3C21E00EF3E00B6CEDC /* Debug */ = {
			isa = XCBuildConfiguration;
			buildSettings = {
				ALWAYS_SEARCH_USER_PATHS = NO;
				ARCHS = (
					"$(ARCHS_STANDARD)",
					armv7s,
				);
				CLANG_ANALYZER_NONNULL = YES;
				CLANG_CXX_LANGUAGE_STANDARD = "gnu++0x";
				CLANG_CXX_LIBRARY = "libc++";
				CLANG_ENABLE_MODULES = YES;
				CLANG_ENABLE_OBJC_ARC = YES;
				CLANG_WARN_BOOL_CONVERSION = YES;
				CLANG_WARN_CONSTANT_CONVERSION = YES;
				CLANG_WARN_DIRECT_OBJC_ISA_USAGE = YES_ERROR;
				CLANG_WARN_DOCUMENTATION_COMMENTS = YES;
				CLANG_WARN_EMPTY_BODY = YES;
				CLANG_WARN_ENUM_CONVERSION = YES;
				CLANG_WARN_INFINITE_RECURSION = YES;
				CLANG_WARN_INT_CONVERSION = YES;
				CLANG_WARN_OBJC_ROOT_CLASS = YES_ERROR;
				CLANG_WARN_SUSPICIOUS_MOVES = YES;
				CLANG_WARN_UNREACHABLE_CODE = YES;
				CLANG_WARN__DUPLICATE_METHOD_MATCH = YES;
				"CODE_SIGN_IDENTITY[sdk=iphoneos*]" = "iPhone Developer";
				COPY_PHASE_STRIP = NO;
				CURRENT_PROJECT_VERSION = 1;
				DEAD_CODE_STRIPPING = NO;
				DEBUG_INFORMATION_FORMAT = dwarf;
				ENABLE_STRICT_OBJC_MSGSEND = YES;
				ENABLE_TESTABILITY = YES;
				GCC_C_LANGUAGE_STANDARD = gnu99;
				GCC_DYNAMIC_NO_PIC = NO;
				GCC_NO_COMMON_BLOCKS = YES;
				GCC_OPTIMIZATION_LEVEL = 0;
				GCC_PREPROCESSOR_DEFINITIONS = (
					"DEBUG=1",
					"$(inherited)",
				);
				GCC_WARN_64_TO_32_BIT_CONVERSION = YES;
				GCC_WARN_ABOUT_RETURN_TYPE = YES_ERROR;
				GCC_WARN_UNDECLARED_SELECTOR = YES;
				GCC_WARN_UNINITIALIZED_AUTOS = YES_AGGRESSIVE;
				GCC_WARN_UNUSED_FUNCTION = YES;
				GCC_WARN_UNUSED_VARIABLE = YES;
				IPHONEOS_DEPLOYMENT_TARGET = 7.0;
				LINK_WITH_STANDARD_LIBRARIES = NO;
				MACH_O_TYPE = staticlib;
				MTL_ENABLE_DEBUG_INFO = YES;
				ONLY_ACTIVE_ARCH = YES;
				SDKROOT = iphoneos;
				TARGETED_DEVICE_FAMILY = "1,2";
				VERSIONING_SYSTEM = "apple-generic";
				VERSION_INFO_PREFIX = "";
			};
			name = Debug;
		};
		98A1C3C31E00EF3E00B6CEDC /* Release */ = {
			isa = XCBuildConfiguration;
			buildSettings = {
				ALWAYS_SEARCH_USER_PATHS = NO;
				ARCHS = (
					"$(ARCHS_STANDARD)",
					armv7s,
				);
				CLANG_ANALYZER_NONNULL = YES;
				CLANG_CXX_LANGUAGE_STANDARD = "gnu++0x";
				CLANG_CXX_LIBRARY = "libc++";
				CLANG_ENABLE_MODULES = YES;
				CLANG_ENABLE_OBJC_ARC = YES;
				CLANG_WARN_BOOL_CONVERSION = YES;
				CLANG_WARN_CONSTANT_CONVERSION = YES;
				CLANG_WARN_DIRECT_OBJC_ISA_USAGE = YES_ERROR;
				CLANG_WARN_DOCUMENTATION_COMMENTS = YES;
				CLANG_WARN_EMPTY_BODY = YES;
				CLANG_WARN_ENUM_CONVERSION = YES;
				CLANG_WARN_INFINITE_RECURSION = YES;
				CLANG_WARN_INT_CONVERSION = YES;
				CLANG_WARN_OBJC_ROOT_CLASS = YES_ERROR;
				CLANG_WARN_SUSPICIOUS_MOVES = YES;
				CLANG_WARN_UNREACHABLE_CODE = YES;
				CLANG_WARN__DUPLICATE_METHOD_MATCH = YES;
				"CODE_SIGN_IDENTITY[sdk=iphoneos*]" = "iPhone Developer";
				COPY_PHASE_STRIP = NO;
				CURRENT_PROJECT_VERSION = 1;
				DEAD_CODE_STRIPPING = NO;
				DEBUG_INFORMATION_FORMAT = "dwarf-with-dsym";
				ENABLE_NS_ASSERTIONS = NO;
				ENABLE_STRICT_OBJC_MSGSEND = YES;
				GCC_C_LANGUAGE_STANDARD = gnu99;
				GCC_NO_COMMON_BLOCKS = YES;
				GCC_WARN_64_TO_32_BIT_CONVERSION = YES;
				GCC_WARN_ABOUT_RETURN_TYPE = YES_ERROR;
				GCC_WARN_UNDECLARED_SELECTOR = YES;
				GCC_WARN_UNINITIALIZED_AUTOS = YES_AGGRESSIVE;
				GCC_WARN_UNUSED_FUNCTION = YES;
				GCC_WARN_UNUSED_VARIABLE = YES;
				IPHONEOS_DEPLOYMENT_TARGET = 7.0;
				LINK_WITH_STANDARD_LIBRARIES = NO;
				MACH_O_TYPE = staticlib;
				MTL_ENABLE_DEBUG_INFO = NO;
				SDKROOT = iphoneos;
				TARGETED_DEVICE_FAMILY = "1,2";
				VALIDATE_PRODUCT = YES;
				VERSIONING_SYSTEM = "apple-generic";
				VERSION_INFO_PREFIX = "";
			};
			name = Release;
		};
		98A1C3C51E00EF3E00B6CEDC /* Debug */ = {
			isa = XCBuildConfiguration;
			buildSettings = {
				CODE_SIGN_IDENTITY = "";
				DEFINES_MODULE = YES;
				DYLIB_COMPATIBILITY_VERSION = 1;
				DYLIB_CURRENT_VERSION = 1;
				DYLIB_INSTALL_NAME_BASE = "@rpath";
				INFOPLIST_FILE = QuickVFL/Info.plist;
				INSTALL_PATH = "$(LOCAL_LIBRARY_DIR)/Frameworks";
				LD_RUNPATH_SEARCH_PATHS = "$(inherited) @executable_path/Frameworks @loader_path/Frameworks";
				PRODUCT_BUNDLE_IDENTIFIER = org.QuickVFL;
				PRODUCT_NAME = "$(TARGET_NAME)";
				SKIP_INSTALL = YES;
			};
			name = Debug;
		};
		98A1C3C61E00EF3E00B6CEDC /* Release */ = {
			isa = XCBuildConfiguration;
			buildSettings = {
				CODE_SIGN_IDENTITY = "";
				DEFINES_MODULE = YES;
				DYLIB_COMPATIBILITY_VERSION = 1;
				DYLIB_CURRENT_VERSION = 1;
				DYLIB_INSTALL_NAME_BASE = "@rpath";
				INFOPLIST_FILE = QuickVFL/Info.plist;
				INSTALL_PATH = "$(LOCAL_LIBRARY_DIR)/Frameworks";
				LD_RUNPATH_SEARCH_PATHS = "$(inherited) @executable_path/Frameworks @loader_path/Frameworks";
				PRODUCT_BUNDLE_IDENTIFIER = org.QuickVFL;
				PRODUCT_NAME = "$(TARGET_NAME)";
				SKIP_INSTALL = YES;
			};
			name = Release;
		};
/* End XCBuildConfiguration section */

/* Begin XCConfigurationList section */
		98A1C3B61E00EF3E00B6CEDC /* Build configuration list for PBXProject "QuickVFL" */ = {
			isa = XCConfigurationList;
			buildConfigurations = (
				98A1C3C21E00EF3E00B6CEDC /* Debug */,
				98A1C3C31E00EF3E00B6CEDC /* Release */,
			);
			defaultConfigurationIsVisible = 0;
			defaultConfigurationName = Release;
		};
		98A1C3C41E00EF3E00B6CEDC /* Build configuration list for PBXNativeTarget "QuickVFL" */ = {
			isa = XCConfigurationList;
			buildConfigurations = (
				98A1C3C51E00EF3E00B6CEDC /* Debug */,
				98A1C3C61E00EF3E00B6CEDC /* Release */,
			);
			defaultConfigurationIsVisible = 0;
		};
/* End XCConfigurationList section */
	};
	rootObject = 98A1C3B31E00EF3E00B6CEDC /* Project object */;
}
